
Microsoft Visual Studio Solution File, Format Version 12.00
# Visual Studio Version 17
VisualStudioVersion = 17.4.33213.308
MinimumVisualStudioVersion = 10.0.40219.1
Project("{9A19103F-16F7-4668-BE54-9A1E7A4F7556}") = "RecordStore.UI", "RecordStore.UI\RecordStore.UI.csproj", "{E6BF7813-2E7F-44B2-ADEC-8CCCE635F69D}"
EndProject
Project("{9A19103F-16F7-4668-BE54-9A1E7A4F7556}") = "Shop.Domain", "Shop.Domain\Shop.Domain.csproj", "{00F66B1A-7E7D-4592-A59B-5AD88F6987E1}"
EndProject
Project("{9A19103F-16F7-4668-BE54-9A1E7A4F7556}") = "Shop.Application", "Shop.Application\Shop.Application.csproj", "{32189B66-2C4C-4401-9F68-4D69AB8761BA}"
	ProjectSection(ProjectDependencies) = postProject
		{00F66B1A-7E7D-4592-A59B-5AD88F6987E1} = {00F66B1A-7E7D-4592-A59B-5AD88F6987E1}
	EndProjectSection
EndProject
Project("{9A19103F-16F7-4668-BE54-9A1E7A4F7556}") = "Shop.Database", "Shop.Database\Shop.Database.csproj", "{23065BDC-FC86-44F4-AA52-4133E43E052C}"
EndProject
Global
	GlobalSection(SolutionConfigurationPlatforms) = preSolution
		Debug|Any CPU = Debug|Any CPU
		Release|Any CPU = Release|Any CPU
	EndGlobalSection
	GlobalSection(ProjectConfigurationPlatforms) = postSolution
		{E6BF7813-2E7F-44B2-ADEC-8CCCE635F69D}.Debug|Any CPU.ActiveCfg = Debug|Any CPU
		{E6BF7813-2E7F-44B2-ADEC-8CCCE635F69D}.Debug|Any CPU.Build.0 = Debug|Any CPU
		{E6BF7813-2E7F-44B2-ADEC-8CCCE635F69D}.Release|Any CPU.ActiveCfg = Release|Any CPU
		{E6BF7813-2E7F-44B2-ADEC-8CCCE635F69D}.Release|Any CPU.Build.0 = Release|Any CPU
		{00F66B1A-7E7D-4592-A59B-5AD88F6987E1}.Debug|Any CPU.ActiveCfg = Debug|Any CPU
		{00F66B1A-7E7D-4592-A59B-5AD88F6987E1}.Debug|Any CPU.Build.0 = Debug|Any CPU
		{00F66B1A-7E7D-4592-A59B-5AD88F6987E1}.Release|Any CPU.ActiveCfg = Release|Any CPU
		{00F66B1A-7E7D-4592-A59B-5AD88F6987E1}.Release|Any CPU.Build.0 = Release|Any CPU
		{32189B66-2C4C-4401-9F68-4D69AB8761BA}.Debug|Any CPU.ActiveCfg = Debug|Any CPU
		{32189B66-2C4C-4401-9F68-4D69AB8761BA}.Debug|Any CPU.Build.0 = Debug|Any CPU
		{32189B66-2C4C-4401-9F68-4D69AB8761BA}.Release|Any CPU.ActiveCfg = Release|Any CPU
		{32189B66-2C4C-4401-9F68-4D69AB8761BA}.Release|Any CPU.Build.0 = Release|Any CPU
		{23065BDC-FC86-44F4-AA52-4133E43E052C}.Debug|Any CPU.ActiveCfg = Debug|Any CPU
		{23065BDC-FC86-44F4-AA52-4133E43E052C}.Debug|Any CPU.Build.0 = Debug|Any CPU
		{23065BDC-FC86-44F4-AA52-4133E43E052C}.Release|Any CPU.ActiveCfg = Release|Any CPU
		{23065BDC-FC86-44F4-AA52-4133E43E052C}.Release|Any CPU.Build.0 = Release|Any CPU
	EndGlobalSection
	GlobalSection(SolutionProperties) = preSolution
		HideSolutionNode = FALSE
	EndGlobalSection
	GlobalSection(ExtensibilityGlobals) = postSolution
		SolutionGuid = {9A201B52-CED1-42D5-8AA6-E1857B3DFE0B}
	EndGlobalSection
EndGlobal
